// !$*UTF8*$!
{
	archiveVersion = 1;
	classes = {
	};
	objectVersion = 52;
	objects = {

/* Begin PBXBuildFile section */
		2E472DD625AAAA83002F8B06 /* AppDelegate.swift in Sources */ = {isa = PBXBuildFile; fileRef = 2E472DD525AAAA83002F8B06 /* AppDelegate.swift */; };
		2E472DD825AAAA83002F8B06 /* SceneDelegate.swift in Sources */ = {isa = PBXBuildFile; fileRef = 2E472DD725AAAA83002F8B06 /* SceneDelegate.swift */; };
		2E472DDA25AAAA83002F8B06 /* ViewController.swift in Sources */ = {isa = PBXBuildFile; fileRef = 2E472DD925AAAA83002F8B06 /* ViewController.swift */; };
		2E472DDF25AAAA85002F8B06 /* Assets.xcassets in Resources */ = {isa = PBXBuildFile; fileRef = 2E472DDE25AAAA85002F8B06 /* Assets.xcassets */; };
		2E472DE225AAAA85002F8B06 /* LaunchScreen.storyboard in Resources */ = {isa = PBXBuildFile; fileRef = 2E472DE025AAAA85002F8B06 /* LaunchScreen.storyboard */; };
		2E472DF925AB3FBF002F8B06 /* dummy.json in Resources */ = {isa = PBXBuildFile; fileRef = 2E472DF825AB3FBF002F8B06 /* dummy.json */; };
		2E472DFE25AB41B9002F8B06 /* FeedTableViewCell.swift in Sources */ = {isa = PBXBuildFile; fileRef = 2E472DFC25AB41B9002F8B06 /* FeedTableViewCell.swift */; };
		2E472DFF25AB41B9002F8B06 /* FeedTableViewCell.xib in Resources */ = {isa = PBXBuildFile; fileRef = 2E472DFD25AB41B9002F8B06 /* FeedTableViewCell.xib */; };
		2E472E0325AB4930002F8B06 /* SDWebImage in Frameworks */ = {isa = PBXBuildFile; productRef = 2E472E0225AB4930002F8B06 /* SDWebImage */; };
		2E472E0825AB4BEE002F8B06 /* Reader.swift in Sources */ = {isa = PBXBuildFile; fileRef = 2E472E0725AB4BEE002F8B06 /* Reader.swift */; };
		2E472E0D25AB5FA9002F8B06 /* Nuke in Frameworks */ = {isa = PBXBuildFile; productRef = 2E472E0C25AB5FA9002F8B06 /* Nuke */; };
		2E472E1125AB5FF0002F8B06 /* UIIMageView.swift in Sources */ = {isa = PBXBuildFile; fileRef = 2E472E1025AB5FF0002F8B06 /* UIIMageView.swift */; };
/* End PBXBuildFile section */

/* Begin PBXFileReference section */
		2E472DD225AAAA83002F8B06 /* IGClone.app */ = {isa = PBXFileReference; explicitFileType = wrapper.application; includeInIndex = 0; path = IGClone.app; sourceTree = BUILT_PRODUCTS_DIR; };
		2E472DD525AAAA83002F8B06 /* AppDelegate.swift */ = {isa = PBXFileReference; lastKnownFileType = sourcecode.swift; path = AppDelegate.swift; sourceTree = "<group>"; };
		2E472DD725AAAA83002F8B06 /* SceneDelegate.swift */ = {isa = PBXFileReference; lastKnownFileType = sourcecode.swift; path = SceneDelegate.swift; sourceTree = "<group>"; };
		2E472DD925AAAA83002F8B06 /* ViewController.swift */ = {isa = PBXFileReference; lastKnownFileType = sourcecode.swift; path = ViewController.swift; sourceTree = "<group>"; };
		2E472DDE25AAAA85002F8B06 /* Assets.xcassets */ = {isa = PBXFileReference; lastKnownFileType = folder.assetcatalog; path = Assets.xcassets; sourceTree = "<group>"; };
		2E472DE125AAAA85002F8B06 /* Base */ = {isa = PBXFileReference; lastKnownFileType = file.storyboard; name = Base; path = Base.lproj/LaunchScreen.storyboard; sourceTree = "<group>"; };
		2E472DE325AAAA85002F8B06 /* Info.plist */ = {isa = PBXFileReference; lastKnownFileType = text.plist.xml; path = Info.plist; sourceTree = "<group>"; };
		2E472DF825AB3FBF002F8B06 /* dummy.json */ = {isa = PBXFileReference; lastKnownFileType = text.json; path = dummy.json; sourceTree = "<group>"; };
		2E472DFC25AB41B9002F8B06 /* FeedTableViewCell.swift */ = {isa = PBXFileReference; lastKnownFileType = sourcecode.swift; path = FeedTableViewCell.swift; sourceTree = "<group>"; };
		2E472DFD25AB41B9002F8B06 /* FeedTableViewCell.xib */ = {isa = PBXFileReference; lastKnownFileType = file.xib; path = FeedTableViewCell.xib; sourceTree = "<group>"; };
		2E472E0725AB4BEE002F8B06 /* Reader.swift */ = {isa = PBXFileReference; lastKnownFileType = sourcecode.swift; path = Reader.swift; sourceTree = "<group>"; };
		2E472E1025AB5FF0002F8B06 /* UIIMageView.swift */ = {isa = PBXFileReference; lastKnownFileType = sourcecode.swift; path = UIIMageView.swift; sourceTree = "<group>"; };
/* End PBXFileReference section */

/* Begin PBXFrameworksBuildPhase section */
		2E472DCF25AAAA83002F8B06 /* Frameworks */ = {
			isa = PBXFrameworksBuildPhase;
			buildActionMask = 2147483647;
			files = (
				2E472E0325AB4930002F8B06 /* SDWebImage in Frameworks */,
				2E472E0D25AB5FA9002F8B06 /* Nuke in Frameworks */,
			);
			runOnlyForDeploymentPostprocessing = 0;
		};
/* End PBXFrameworksBuildPhase section */

/* Begin PBXGroup section */
		2E472DC925AAAA83002F8B06 = {
			isa = PBXGroup;
			children = (
				2E472DD425AAAA83002F8B06 /* IGClone */,
				2E472DD325AAAA83002F8B06 /* Products */,
			);
			sourceTree = "<group>";
		};
		2E472DD325AAAA83002F8B06 /* Products */ = {
			isa = PBXGroup;
			children = (
				2E472DD225AAAA83002F8B06 /* IGClone.app */,
			);
			name = Products;
			sourceTree = "<group>";
		};
		2E472DD425AAAA83002F8B06 /* IGClone */ = {
			isa = PBXGroup;
			children = (
				2E472E0625AB4BD0002F8B06 /* Utils */,
				2E472DD725AAAA83002F8B06 /* SceneDelegate.swift */,
				2E472DD525AAAA83002F8B06 /* AppDelegate.swift */,
				2E472DEC25AAAB79002F8B06 /* Scenes */,
				2E472DE025AAAA85002F8B06 /* LaunchScreen.storyboard */,
				2E472DDE25AAAA85002F8B06 /* Assets.xcassets */,
				2E472DE325AAAA85002F8B06 /* Info.plist */,
				2E472DF825AB3FBF002F8B06 /* dummy.json */,
			);
			path = IGClone;
			sourceTree = "<group>";
		};
		2E472DEB25AAAB66002F8B06 /* Feeds */ = {
			isa = PBXGroup;
			children = (
				2E472DD925AAAA83002F8B06 /* ViewController.swift */,
				2E472DED25AAAB97002F8B06 /* CustomViews */,
			);
			path = Feeds;
			sourceTree = "<group>";
		};
		2E472DEC25AAAB79002F8B06 /* Scenes */ = {
			isa = PBXGroup;
			children = (
				2E472DEB25AAAB66002F8B06 /* Feeds */,
			);
			path = Scenes;
			sourceTree = "<group>";
		};
		2E472DED25AAAB97002F8B06 /* CustomViews */ = {
			isa = PBXGroup;
			children = (
				2E472DFC25AB41B9002F8B06 /* FeedTableViewCell.swift */,
				2E472DFD25AB41B9002F8B06 /* FeedTableViewCell.xib */,
			);
			path = CustomViews;
			sourceTree = "<group>";
		};
		2E472E0625AB4BD0002F8B06 /* Utils */ = {
			isa = PBXGroup;
			children = (
				2E472E0F25AB5FDC002F8B06 /* Extension */,
				2E472E0725AB4BEE002F8B06 /* Reader.swift */,
			);
			path = Utils;
			sourceTree = "<group>";
		};
		2E472E0F25AB5FDC002F8B06 /* Extension */ = {
			isa = PBXGroup;
			children = (
				2E472E1025AB5FF0002F8B06 /* UIIMageView.swift */,
			);
			path = Extension;
			sourceTree = "<group>";
		};
/* End PBXGroup section */

/* Begin PBXNativeTarget section */
		2E472DD125AAAA83002F8B06 /* IGClone */ = {
			isa = PBXNativeTarget;
			buildConfigurationList = 2E472DE625AAAA85002F8B06 /* Build configuration list for PBXNativeTarget "IGClone" */;
			buildPhases = (
				2E472DCE25AAAA83002F8B06 /* Sources */,
				2E472DCF25AAAA83002F8B06 /* Frameworks */,
				2E472DD025AAAA83002F8B06 /* Resources */,
			);
			buildRules = (
			);
			dependencies = (
			);
			name = IGClone;
			packageProductDependencies = (
				2E472E0225AB4930002F8B06 /* SDWebImage */,
				2E472E0C25AB5FA9002F8B06 /* Nuke */,
			);
			productName = IGClone;
			productReference = 2E472DD225AAAA83002F8B06 /* IGClone.app */;
			productType = "com.apple.product-type.application";
		};
/* End PBXNativeTarget section */

/* Begin PBXProject section */
		2E472DCA25AAAA83002F8B06 /* Project object */ = {
			isa = PBXProject;
			attributes = {
				LastSwiftUpdateCheck = 1230;
				LastUpgradeCheck = 1230;
				TargetAttributes = {
					2E472DD125AAAA83002F8B06 = {
						CreatedOnToolsVersion = 12.3;
					};
				};
			};
			buildConfigurationList = 2E472DCD25AAAA83002F8B06 /* Build configuration list for PBXProject "IGClone" */;
			compatibilityVersion = "Xcode 9.3";
			developmentRegion = en;
			hasScannedForEncodings = 0;
			knownRegions = (
				en,
				Base,
			);
			mainGroup = 2E472DC925AAAA83002F8B06;
			packageReferences = (
				2E472E0125AB4930002F8B06 /* XCRemoteSwiftPackageReference "SDWebImage" */,
				2E472E0B25AB5FA9002F8B06 /* XCRemoteSwiftPackageReference "Nuke" */,
			);
			productRefGroup = 2E472DD325AAAA83002F8B06 /* Products */;
			projectDirPath = "";
			projectRoot = "";
			targets = (
				2E472DD125AAAA83002F8B06 /* IGClone */,
			);
		};
/* End PBXProject section */

/* Begin PBXResourcesBuildPhase section */
		2E472DD025AAAA83002F8B06 /* Resources */ = {
			isa = PBXResourcesBuildPhase;
			buildActionMask = 2147483647;
			files = (
				2E472DE225AAAA85002F8B06 /* LaunchScreen.storyboard in Resources */,
				2E472DFF25AB41B9002F8B06 /* FeedTableViewCell.xib in Resources */,
				2E472DDF25AAAA85002F8B06 /* Assets.xcassets in Resources */,
				2E472DF925AB3FBF002F8B06 /* dummy.json in Resources */,
			);
			runOnlyForDeploymentPostprocessing = 0;
		};
/* End PBXResourcesBuildPhase section */

/* Begin PBXSourcesBuildPhase section */
		2E472DCE25AAAA83002F8B06 /* Sources */ = {
			isa = PBXSourcesBuildPhase;
			buildActionMask = 2147483647;
			files = (
				2E472DDA25AAAA83002F8B06 /* ViewController.swift in Sources */,
				2E472DFE25AB41B9002F8B06 /* FeedTableViewCell.swift in Sources */,
				2E472E1125AB5FF0002F8B06 /* UIIMageView.swift in Sources */,
				2E472E0825AB4BEE002F8B06 /* Reader.swift in Sources */,
				2E472DD625AAAA83002F8B06 /* AppDelegate.swift in Sources */,
				2E472DD825AAAA83002F8B06 /* SceneDelegate.swift in Sources */,
			);
			runOnlyForDeploymentPostprocessing = 0;
		};
/* End PBXSourcesBuildPhase section */

/* Begin PBXVariantGroup section */
		2E472DE025AAAA85002F8B06 /* LaunchScreen.storyboard */ = {
			isa = PBXVariantGroup;
			children = (
				2E472DE125AAAA85002F8B06 /* Base */,
			);
			name = LaunchScreen.storyboard;
			sourceTree = "<group>";
		};
/* End PBXVariantGroup section */

/* Begin XCBuildConfiguration section */
		2E472DE425AAAA85002F8B06 /* Debug */ = {
			isa = XCBuildConfiguration;
			buildSettings = {
				ALWAYS_SEARCH_USER_PATHS = NO;
				CLANG_ANALYZER_NONNULL = YES;
				CLANG_ANALYZER_NUMBER_OBJECT_CONVERSION = YES_AGGRESSIVE;
				CLANG_CXX_LANGUAGE_STANDARD = "gnu++14";
				CLANG_CXX_LIBRARY = "libc++";
				CLANG_ENABLE_MODULES = YES;
				CLANG_ENABLE_OBJC_ARC = YES;
				CLANG_ENABLE_OBJC_WEAK = YES;
				CLANG_WARN_BLOCK_CAPTURE_AUTORELEASING = YES;
				CLANG_WARN_BOOL_CONVERSION = YES;
				CLANG_WARN_COMMA = YES;
				CLANG_WARN_CONSTANT_CONVERSION = YES;
				CLANG_WARN_DEPRECATED_OBJC_IMPLEMENTATIONS = YES;
				CLANG_WARN_DIRECT_OBJC_ISA_USAGE = YES_ERROR;
				CLANG_WARN_DOCUMENTATION_COMMENTS = YES;
				CLANG_WARN_EMPTY_BODY = YES;
				CLANG_WARN_ENUM_CONVERSION = YES;
				CLANG_WARN_INFINITE_RECURSION = YES;
				CLANG_WARN_INT_CONVERSION = YES;
				CLANG_WARN_NON_LITERAL_NULL_CONVERSION = YES;
				CLANG_WARN_OBJC_IMPLICIT_RETAIN_SELF = YES;
				CLANG_WARN_OBJC_LITERAL_CONVERSION = YES;
				CLANG_WARN_OBJC_ROOT_CLASS = YES_ERROR;
				CLANG_WARN_QUOTED_INCLUDE_IN_FRAMEWORK_HEADER = YES;
				CLANG_WARN_RANGE_LOOP_ANALYSIS = YES;
				CLANG_WARN_STRICT_PROTOTYPES = YES;
				CLANG_WARN_SUSPICIOUS_MOVE = YES;
				CLANG_WARN_UNGUARDED_AVAILABILITY = YES_AGGRESSIVE;
				CLANG_WARN_UNREACHABLE_CODE = YES;
				CLANG_WARN__DUPLICATE_METHOD_MATCH = YES;
				COPY_PHASE_STRIP = NO;
				DEBUG_INFORMATION_FORMAT = dwarf;
				ENABLE_STRICT_OBJC_MSGSEND = YES;
				ENABLE_TESTABILITY = YES;
				GCC_C_LANGUAGE_STANDARD = gnu11;
				GCC_DYNAMIC_NO_PIC = NO;
				GCC_NO_COMMON_BLOCKS = YES;
				GCC_OPTIMIZATION_LEVEL = 0;
				GCC_PREPROCESSOR_DEFINITIONS = (
					"DEBUG=1",
					"$(inherited)",
				);
				GCC_WARN_64_TO_32_BIT_CONVERSION = YES;
				GCC_WARN_ABOUT_RETURN_TYPE = YES_ERROR;
				GCC_WARN_UNDECLARED_SELECTOR = YES;
				GCC_WARN_UNINITIALIZED_AUTOS = YES_AGGRESSIVE;
				GCC_WARN_UNUSED_FUNCTION = YES;
				GCC_WARN_UNUSED_VARIABLE = YES;
				IPHONEOS_DEPLOYMENT_TARGET = 14.3;
				MTL_ENABLE_DEBUG_INFO = INCLUDE_SOURCE;
				MTL_FAST_MATH = YES;
				ONLY_ACTIVE_ARCH = YES;
				SDKROOT = iphoneos;
				SWIFT_ACTIVE_COMPILATION_CONDITIONS = DEBUG;
				SWIFT_OPTIMIZATION_LEVEL = "-Onone";
			};
			name = Debug;
		};
		2E472DE525AAAA85002F8B06 /* Release */ = {
			isa = XCBuildConfiguration;
			buildSettings = {
				ALWAYS_SEARCH_USER_PATHS = NO;
				CLANG_ANALYZER_NONNULL = YES;
				CLANG_ANALYZER_NUMBER_OBJECT_CONVERSION = YES_AGGRESSIVE;
				CLANG_CXX_LANGUAGE_STANDARD = "gnu++14";
				CLANG_CXX_LIBRARY = "libc++";
				CLANG_ENABLE_MODULES = YES;
				CLANG_ENABLE_OBJC_ARC = YES;
				CLANG_ENABLE_OBJC_WEAK = YES;
				CLANG_WARN_BLOCK_CAPTURE_AUTORELEASING = YES;
				CLANG_WARN_BOOL_CONVERSION = YES;
				CLANG_WARN_COMMA = YES;
				CLANG_WARN_CONSTANT_CONVERSION = YES;
				CLANG_WARN_DEPRECATED_OBJC_IMPLEMENTATIONS = YES;
				CLANG_WARN_DIRECT_OBJC_ISA_USAGE = YES_ERROR;
				CLANG_WARN_DOCUMENTATION_COMMENTS = YES;
				CLANG_WARN_EMPTY_BODY = YES;
				CLANG_WARN_ENUM_CONVERSION = YES;
				CLANG_WARN_INFINITE_RECURSION = YES;
				CLANG_WARN_INT_CONVERSION = YES;
				CLANG_WARN_NON_LITERAL_NULL_CONVERSION = YES;
				CLANG_WARN_OBJC_IMPLICIT_RETAIN_SELF = YES;
				CLANG_WARN_OBJC_LITERAL_CONVERSION = YES;
				CLANG_WARN_OBJC_ROOT_CLASS = YES_ERROR;
				CLANG_WARN_QUOTED_INCLUDE_IN_FRAMEWORK_HEADER = YES;
				CLANG_WARN_RANGE_LOOP_ANALYSIS = YES;
				CLANG_WARN_STRICT_PROTOTYPES = YES;
				CLANG_WARN_SUSPICIOUS_MOVE = YES;
				CLANG_WARN_UNGUARDED_AVAILABILITY = YES_AGGRESSIVE;
				CLANG_WARN_UNREACHABLE_CODE = YES;
				CLANG_WARN__DUPLICATE_METHOD_MATCH = YES;
				COPY_PHASE_STRIP = NO;
				DEBUG_INFORMATION_FORMAT = "dwarf-with-dsym";
				ENABLE_NS_ASSERTIONS = NO;
				ENABLE_STRICT_OBJC_MSGSEND = YES;
				GCC_C_LANGUAGE_STANDARD = gnu11;
				GCC_NO_COMMON_BLOCKS = YES;
				GCC_WARN_64_TO_32_BIT_CONVERSION = YES;
				GCC_WARN_ABOUT_RETURN_TYPE = YES_ERROR;
				GCC_WARN_UNDECLARED_SELECTOR = YES;
				GCC_WARN_UNINITIALIZED_AUTOS = YES_AGGRESSIVE;
				GCC_WARN_UNUSED_FUNCTION = YES;
				GCC_WARN_UNUSED_VARIABLE = YES;
				IPHONEOS_DEPLOYMENT_TARGET = 14.3;
				MTL_ENABLE_DEBUG_INFO = NO;
				MTL_FAST_MATH = YES;
				SDKROOT = iphoneos;
				SWIFT_COMPILATION_MODE = wholemodule;
				SWIFT_OPTIMIZATION_LEVEL = "-O";
				VALIDATE_PRODUCT = YES;
			};
			name = Release;
		};
		2E472DE725AAAA85002F8B06 /* Debug */ = {
			isa = XCBuildConfiguration;
			buildSettings = {
				ASSETCATALOG_COMPILER_APPICON_NAME = AppIcon;
				ASSETCATALOG_COMPILER_GLOBAL_ACCENT_COLOR_NAME = AccentColor;
				CODE_SIGN_STYLE = Automatic;
				DEVELOPMENT_TEAM = L5XG7J5AB8;
				INFOPLIST_FILE = IGClone/Info.plist;
				IPHONEOS_DEPLOYMENT_TARGET = 14.0;
				LD_RUNPATH_SEARCH_PATHS = (
					"$(inherited)",
					"@executable_path/Frameworks",
				);
				PRODUCT_BUNDLE_IDENTIFIER = apelgigit.com.IGClone;
				PRODUCT_NAME = "$(TARGET_NAME)";
				SWIFT_VERSION = 5.0;
				TARGETED_DEVICE_FAMILY = "1,2";
			};
			name = Debug;
		};
		2E472DE825AAAA85002F8B06 /* Release */ = {
			isa = XCBuildConfiguration;
			buildSettings = {
				ASSETCATALOG_COMPILER_APPICON_NAME = AppIcon;
				ASSETCATALOG_COMPILER_GLOBAL_ACCENT_COLOR_NAME = AccentColor;
				CODE_SIGN_STYLE = Automatic;
				DEVELOPMENT_TEAM = L5XG7J5AB8;
				INFOPLIST_FILE = IGClone/Info.plist;
				IPHONEOS_DEPLOYMENT_TARGET = 14.0;
				LD_RUNPATH_SEARCH_PATHS = (
					"$(inherited)",
					"@executable_path/Frameworks",
				);
				PRODUCT_BUNDLE_IDENTIFIER = apelgigit.com.IGClone;
				PRODUCT_NAME = "$(TARGET_NAME)";
				SWIFT_VERSION = 5.0;
				TARGETED_DEVICE_FAMILY = "1,2";
			};
			name = Release;
		};
/* End XCBuildConfiguration section */

/* Begin XCConfigurationList section */
		2E472DCD25AAAA83002F8B06 /* Build configuration list for PBXProject "IGClone" */ = {
			isa = XCConfigurationList;
			buildConfigurations = (
				2E472DE425AAAA85002F8B06 /* Debug */,
				2E472DE525AAAA85002F8B06 /* Release */,
			);
			defaultConfigurationIsVisible = 0;
			defaultConfigurationName = Release;
		};
		2E472DE625AAAA85002F8B06 /* Build configuration list for PBXNativeTarget "IGClone" */ = {
			isa = XCConfigurationList;
			buildConfigurations = (
				2E472DE725AAAA85002F8B06 /* Debug */,
				2E472DE825AAAA85002F8B06 /* Release */,
			);
			defaultConfigurationIsVisible = 0;
			defaultConfigurationName = Release;
		};
/* End XCConfigurationList section */

/* Begin XCRemoteSwiftPackageReference section */
		2E472E0125AB4930002F8B06 /* XCRemoteSwiftPackageReference "SDWebImage" */ = {
			isa = XCRemoteSwiftPackageReference;
			repositoryURL = "https://github.com/SDWebImage/SDWebImage.git";
			requirement = {
				kind = upToNextMajorVersion;
				minimumVersion = 5.10.2;
			};
		};
		2E472E0B25AB5FA9002F8B06 /* XCRemoteSwiftPackageReference "Nuke" */ = {
			isa = XCRemoteSwiftPackageReference;
			repositoryURL = "https://github.com/kean/Nuke.git";
			requirement = {
				kind = upToNextMajorVersion;
				minimumVersion = 9.2.3;
			};
		};
/* End XCRemoteSwiftPackageReference section */

/* Begin XCSwiftPackageProductDependency section */
		2E472E0225AB4930002F8B06 /* SDWebImage */ = {
			isa = XCSwiftPackageProductDependency;
			package = 2E472E0125AB4930002F8B06 /* XCRemoteSwiftPackageReference "SDWebImage" */;
			productName = SDWebImage;
		};
		2E472E0C25AB5FA9002F8B06 /* Nuke */ = {
			isa = XCSwiftPackageProductDependency;
			package = 2E472E0B25AB5FA9002F8B06 /* XCRemoteSwiftPackageReference "Nuke" */;
			productName = Nuke;
		};
/* End XCSwiftPackageProductDependency section */
	};
	rootObject = 2E472DCA25AAAA83002F8B06 /* Project object */;
}
